
Microsoft Visual Studio Solution File, Format Version 12.00
# Visual Studio Version 17
VisualStudioVersion = 17.5.002.0
MinimumVisualStudioVersion = 10.0.40219.1
Project("{9A19103F-16F7-4668-BE54-9A1E7A4F7556}") = "arrays", "arrays\arrays.csproj", "{30CBC79B-0F7D-4CAC-973E-CD48D98059AF}"
EndProject
Project("{FAE04EC0-301F-11D3-BF4B-00C04F79EFBC}") = "comments", "comments\comments.csproj", "{05584F04-7897-47AC-ACD8-DC328109005A}"
EndProject
Project("{FAE04EC0-301F-11D3-BF4B-00C04F79EFBC}") = "renewal-functionality", "renewal-functionality\renewal-functionality.csproj", "{8A64226E-C75D-4C95-A44D-4A29CCC6319F}"
EndProject
Project("{FAE04EC0-301F-11D3-BF4B-00C04F79EFBC}") = "processing-array-data", "processing-array-data\processing-array-data.csproj", "{5D80C5F2-AB4F-4667-A4D4-B664BAA7E211}"
EndProject
Project("{FAE04EC0-301F-11D3-BF4B-00C04F79EFBC}") = "foreach-if-elseif-else(array)", "foreach-if-elseif-else(array)\foreach-if-elseif-else(array).csproj", "{F95EE1A9-7DC5-445F-8751-C4D7A4485583}"
EndProject
Project("{FAE04EC0-301F-11D3-BF4B-00C04F79EFBC}") = "boolean expressions", "boolean expressions\boolean expressions.csproj", "{D0FF3557-227D-4E7E-9283-4015FDFCE585}"
EndProject
Project("{FAE04EC0-301F-11D3-BF4B-00C04F79EFBC}") = "test", "test\test.csproj", "{B8D9E1A5-8EC5-404B-9DAB-AA11EE142524}"
EndProject
Project("{FAE04EC0-301F-11D3-BF4B-00C04F79EFBC}") = "testingMen", "testingMen\testingMen.csproj", "{81D1C3B2-424F-44C3-8091-A034B7DDB8E8}"
EndProject
Project("{FAE04EC0-301F-11D3-BF4B-00C04F79EFBC}") = "switch-case", "switch-case\switch-case.csproj", "{647AB20C-43B7-4BEC-8744-33FD4EA99862}"
EndProject
Project("{FAE04EC0-301F-11D3-BF4B-00C04F79EFBC}") = "iterate-for", "iterate-for\iterate-for.csproj", "{B74F8CE9-8CCD-4F0C-8DCC-8A5D0546E168}"
EndProject
Project("{FAE04EC0-301F-11D3-BF4B-00C04F79EFBC}") = "itarate-for", "itarate-for\itarate-for.csproj", "{59058DC1-9F88-4AC1-91A2-B5563ACC4BE6}"
EndProject
Project("{FAE04EC0-301F-11D3-BF4B-00C04F79EFBC}") = "fizzbuzz", "fizzbuzz\fizzbuzz.csproj", "{EDD13D18-A6A4-41E7-9A0E-D53B437C8265}"
EndProject
Project("{FAE04EC0-301F-11D3-BF4B-00C04F79EFBC}") = "iterate-block", "iterate-block\iterate-block.csproj", "{5F88754D-6941-4DFB-A4EB-4D04C7E41035}"
EndProject
Project("{FAE04EC0-301F-11D3-BF4B-00C04F79EFBC}") = "loop-logic", "loop-logic\loop-logic.csproj", "{A2BFA801-F06C-4976-9ACC-FE3B084F3116}"
EndProject
Project("{FAE04EC0-301F-11D3-BF4B-00C04F79EFBC}") = "functions", "functions\functions.csproj", "{407F2A8F-9AB7-48C4-AE25-E1CA375D1914}"
EndProject
Project("{FAE04EC0-301F-11D3-BF4B-00C04F79EFBC}") = "do-while-iteration", "do-while-iteration\do-while-iteration.csproj", "{B63EA690-D6A5-452C-B37D-A093055FA381}"
EndProject
Project("{FAE04EC0-301F-11D3-BF4B-00C04F79EFBC}") = "challenge", "challenge\challenge.csproj", "{2456AA21-2976-4FA8-9182-89CED25E19FB}"
EndProject
Project("{FAE04EC0-301F-11D3-BF4B-00C04F79EFBC}") = "challenge-project1", "challenge-project1\challenge-project1.csproj", "{4640E717-CCFE-4A53-A9B9-645404DC5516}"
EndProject
Global
	GlobalSection(SolutionConfigurationPlatforms) = preSolution
		Debug|Any CPU = Debug|Any CPU
		Release|Any CPU = Release|Any CPU
	EndGlobalSection
	GlobalSection(ProjectConfigurationPlatforms) = postSolution
		{30CBC79B-0F7D-4CAC-973E-CD48D98059AF}.Debug|Any CPU.ActiveCfg = Debug|Any CPU
		{30CBC79B-0F7D-4CAC-973E-CD48D98059AF}.Debug|Any CPU.Build.0 = Debug|Any CPU
		{30CBC79B-0F7D-4CAC-973E-CD48D98059AF}.Release|Any CPU.ActiveCfg = Release|Any CPU
		{30CBC79B-0F7D-4CAC-973E-CD48D98059AF}.Release|Any CPU.Build.0 = Release|Any CPU
		{05584F04-7897-47AC-ACD8-DC328109005A}.Debug|Any CPU.ActiveCfg = Debug|Any CPU
		{05584F04-7897-47AC-ACD8-DC328109005A}.Debug|Any CPU.Build.0 = Debug|Any CPU
		{05584F04-7897-47AC-ACD8-DC328109005A}.Release|Any CPU.ActiveCfg = Release|Any CPU
		{05584F04-7897-47AC-ACD8-DC328109005A}.Release|Any CPU.Build.0 = Release|Any CPU
		{8A64226E-C75D-4C95-A44D-4A29CCC6319F}.Debug|Any CPU.ActiveCfg = Debug|Any CPU
		{8A64226E-C75D-4C95-A44D-4A29CCC6319F}.Debug|Any CPU.Build.0 = Debug|Any CPU
		{8A64226E-C75D-4C95-A44D-4A29CCC6319F}.Release|Any CPU.ActiveCfg = Release|Any CPU
		{8A64226E-C75D-4C95-A44D-4A29CCC6319F}.Release|Any CPU.Build.0 = Release|Any CPU
		{5D80C5F2-AB4F-4667-A4D4-B664BAA7E211}.Debug|Any CPU.ActiveCfg = Debug|Any CPU
		{5D80C5F2-AB4F-4667-A4D4-B664BAA7E211}.Debug|Any CPU.Build.0 = Debug|Any CPU
		{5D80C5F2-AB4F-4667-A4D4-B664BAA7E211}.Release|Any CPU.ActiveCfg = Release|Any CPU
		{5D80C5F2-AB4F-4667-A4D4-B664BAA7E211}.Release|Any CPU.Build.0 = Release|Any CPU
		{F95EE1A9-7DC5-445F-8751-C4D7A4485583}.Debug|Any CPU.ActiveCfg = Debug|Any CPU
		{F95EE1A9-7DC5-445F-8751-C4D7A4485583}.Debug|Any CPU.Build.0 = Debug|Any CPU
		{F95EE1A9-7DC5-445F-8751-C4D7A4485583}.Release|Any CPU.ActiveCfg = Release|Any CPU
		{F95EE1A9-7DC5-445F-8751-C4D7A4485583}.Release|Any CPU.Build.0 = Release|Any CPU
		{D0FF3557-227D-4E7E-9283-4015FDFCE585}.Debug|Any CPU.ActiveCfg = Debug|Any CPU
		{D0FF3557-227D-4E7E-9283-4015FDFCE585}.Debug|Any CPU.Build.0 = Debug|Any CPU
		{D0FF3557-227D-4E7E-9283-4015FDFCE585}.Release|Any CPU.ActiveCfg = Release|Any CPU
		{D0FF3557-227D-4E7E-9283-4015FDFCE585}.Release|Any CPU.Build.0 = Release|Any CPU
		{B8D9E1A5-8EC5-404B-9DAB-AA11EE142524}.Debug|Any CPU.ActiveCfg = Debug|Any CPU
		{B8D9E1A5-8EC5-404B-9DAB-AA11EE142524}.Debug|Any CPU.Build.0 = Debug|Any CPU
		{B8D9E1A5-8EC5-404B-9DAB-AA11EE142524}.Release|Any CPU.ActiveCfg = Release|Any CPU
		{B8D9E1A5-8EC5-404B-9DAB-AA11EE142524}.Release|Any CPU.Build.0 = Release|Any CPU
		{81D1C3B2-424F-44C3-8091-A034B7DDB8E8}.Debug|Any CPU.ActiveCfg = Debug|Any CPU
		{81D1C3B2-424F-44C3-8091-A034B7DDB8E8}.Debug|Any CPU.Build.0 = Debug|Any CPU
		{81D1C3B2-424F-44C3-8091-A034B7DDB8E8}.Release|Any CPU.ActiveCfg = Release|Any CPU
		{81D1C3B2-424F-44C3-8091-A034B7DDB8E8}.Release|Any CPU.Build.0 = Release|Any CPU
		{647AB20C-43B7-4BEC-8744-33FD4EA99862}.Debug|Any CPU.ActiveCfg = Debug|Any CPU
		{647AB20C-43B7-4BEC-8744-33FD4EA99862}.Debug|Any CPU.Build.0 = Debug|Any CPU
		{647AB20C-43B7-4BEC-8744-33FD4EA99862}.Release|Any CPU.ActiveCfg = Release|Any CPU
		{647AB20C-43B7-4BEC-8744-33FD4EA99862}.Release|Any CPU.Build.0 = Release|Any CPU
		{B74F8CE9-8CCD-4F0C-8DCC-8A5D0546E168}.Debug|Any CPU.ActiveCfg = Debug|Any CPU
		{B74F8CE9-8CCD-4F0C-8DCC-8A5D0546E168}.Debug|Any CPU.Build.0 = Debug|Any CPU
		{B74F8CE9-8CCD-4F0C-8DCC-8A5D0546E168}.Release|Any CPU.ActiveCfg = Release|Any CPU
		{B74F8CE9-8CCD-4F0C-8DCC-8A5D0546E168}.Release|Any CPU.Build.0 = Release|Any CPU
		{59058DC1-9F88-4AC1-91A2-B5563ACC4BE6}.Debug|Any CPU.ActiveCfg = Debug|Any CPU
		{59058DC1-9F88-4AC1-91A2-B5563ACC4BE6}.Debug|Any CPU.Build.0 = Debug|Any CPU
		{59058DC1-9F88-4AC1-91A2-B5563ACC4BE6}.Release|Any CPU.ActiveCfg = Release|Any CPU
		{59058DC1-9F88-4AC1-91A2-B5563ACC4BE6}.Release|Any CPU.Build.0 = Release|Any CPU
		{EDD13D18-A6A4-41E7-9A0E-D53B437C8265}.Debug|Any CPU.ActiveCfg = Debug|Any CPU
		{EDD13D18-A6A4-41E7-9A0E-D53B437C8265}.Debug|Any CPU.Build.0 = Debug|Any CPU
		{EDD13D18-A6A4-41E7-9A0E-D53B437C8265}.Release|Any CPU.ActiveCfg = Release|Any CPU
		{EDD13D18-A6A4-41E7-9A0E-D53B437C8265}.Release|Any CPU.Build.0 = Release|Any CPU
		{5F88754D-6941-4DFB-A4EB-4D04C7E41035}.Debug|Any CPU.ActiveCfg = Debug|Any CPU
		{5F88754D-6941-4DFB-A4EB-4D04C7E41035}.Debug|Any CPU.Build.0 = Debug|Any CPU
		{5F88754D-6941-4DFB-A4EB-4D04C7E41035}.Release|Any CPU.ActiveCfg = Release|Any CPU
		{5F88754D-6941-4DFB-A4EB-4D04C7E41035}.Release|Any CPU.Build.0 = Release|Any CPU
		{A2BFA801-F06C-4976-9ACC-FE3B084F3116}.Debug|Any CPU.ActiveCfg = Debug|Any CPU
		{A2BFA801-F06C-4976-9ACC-FE3B084F3116}.Debug|Any CPU.Build.0 = Debug|Any CPU
		{A2BFA801-F06C-4976-9ACC-FE3B084F3116}.Release|Any CPU.ActiveCfg = Release|Any CPU
		{A2BFA801-F06C-4976-9ACC-FE3B084F3116}.Release|Any CPU.Build.0 = Release|Any CPU
		{407F2A8F-9AB7-48C4-AE25-E1CA375D1914}.Debug|Any CPU.ActiveCfg = Debug|Any CPU
		{407F2A8F-9AB7-48C4-AE25-E1CA375D1914}.Debug|Any CPU.Build.0 = Debug|Any CPU
		{407F2A8F-9AB7-48C4-AE25-E1CA375D1914}.Release|Any CPU.ActiveCfg = Release|Any CPU
		{407F2A8F-9AB7-48C4-AE25-E1CA375D1914}.Release|Any CPU.Build.0 = Release|Any CPU
		{B63EA690-D6A5-452C-B37D-A093055FA381}.Debug|Any CPU.ActiveCfg = Debug|Any CPU
		{B63EA690-D6A5-452C-B37D-A093055FA381}.Debug|Any CPU.Build.0 = Debug|Any CPU
		{B63EA690-D6A5-452C-B37D-A093055FA381}.Release|Any CPU.ActiveCfg = Release|Any CPU
		{B63EA690-D6A5-452C-B37D-A093055FA381}.Release|Any CPU.Build.0 = Release|Any CPU
		{2456AA21-2976-4FA8-9182-89CED25E19FB}.Debug|Any CPU.ActiveCfg = Debug|Any CPU
		{2456AA21-2976-4FA8-9182-89CED25E19FB}.Debug|Any CPU.Build.0 = Debug|Any CPU
		{2456AA21-2976-4FA8-9182-89CED25E19FB}.Release|Any CPU.ActiveCfg = Release|Any CPU
		{2456AA21-2976-4FA8-9182-89CED25E19FB}.Release|Any CPU.Build.0 = Release|Any CPU
		{4640E717-CCFE-4A53-A9B9-645404DC5516}.Debug|Any CPU.ActiveCfg = Debug|Any CPU
		{4640E717-CCFE-4A53-A9B9-645404DC5516}.Debug|Any CPU.Build.0 = Debug|Any CPU
		{4640E717-CCFE-4A53-A9B9-645404DC5516}.Release|Any CPU.ActiveCfg = Release|Any CPU
		{4640E717-CCFE-4A53-A9B9-645404DC5516}.Release|Any CPU.Build.0 = Release|Any CPU
	EndGlobalSection
	GlobalSection(SolutionProperties) = preSolution
		HideSolutionNode = FALSE
	EndGlobalSection
	GlobalSection(ExtensibilityGlobals) = postSolution
		SolutionGuid = {75582FA2-DCA8-40FF-80BA-B5B8753C19C5}
	EndGlobalSection
EndGlobal
