
Microsoft Visual Studio Solution File, Format Version 12.00
# Visual Studio Version 17
VisualStudioVersion = 17.5.002.0
MinimumVisualStudioVersion = 10.0.40219.1
Project("{9A19103F-16F7-4668-BE54-9A1E7A4F7556}") = "arrays", "arrays\arrays.csproj", "{30CBC79B-0F7D-4CAC-973E-CD48D98059AF}"
EndProject
Project("{FAE04EC0-301F-11D3-BF4B-00C04F79EFBC}") = "comments", "comments\comments.csproj", "{05584F04-7897-47AC-ACD8-DC328109005A}"
EndProject
Project("{FAE04EC0-301F-11D3-BF4B-00C04F79EFBC}") = "renewal-functionality", "renewal-functionality\renewal-functionality.csproj", "{8A64226E-C75D-4C95-A44D-4A29CCC6319F}"
EndProject
Project("{FAE04EC0-301F-11D3-BF4B-00C04F79EFBC}") = "processing-array-data", "processing-array-data\processing-array-data.csproj", "{5D80C5F2-AB4F-4667-A4D4-B664BAA7E211}"
EndProject
Global
	GlobalSection(SolutionConfigurationPlatforms) = preSolution
		Debug|Any CPU = Debug|Any CPU
		Release|Any CPU = Release|Any CPU
	EndGlobalSection
	GlobalSection(ProjectConfigurationPlatforms) = postSolution
		{30CBC79B-0F7D-4CAC-973E-CD48D98059AF}.Debug|Any CPU.ActiveCfg = Debug|Any CPU
		{30CBC79B-0F7D-4CAC-973E-CD48D98059AF}.Debug|Any CPU.Build.0 = Debug|Any CPU
		{30CBC79B-0F7D-4CAC-973E-CD48D98059AF}.Release|Any CPU.ActiveCfg = Release|Any CPU
		{30CBC79B-0F7D-4CAC-973E-CD48D98059AF}.Release|Any CPU.Build.0 = Release|Any CPU
		{05584F04-7897-47AC-ACD8-DC328109005A}.Debug|Any CPU.ActiveCfg = Debug|Any CPU
		{05584F04-7897-47AC-ACD8-DC328109005A}.Debug|Any CPU.Build.0 = Debug|Any CPU
		{05584F04-7897-47AC-ACD8-DC328109005A}.Release|Any CPU.ActiveCfg = Release|Any CPU
		{05584F04-7897-47AC-ACD8-DC328109005A}.Release|Any CPU.Build.0 = Release|Any CPU
		{8A64226E-C75D-4C95-A44D-4A29CCC6319F}.Debug|Any CPU.ActiveCfg = Debug|Any CPU
		{8A64226E-C75D-4C95-A44D-4A29CCC6319F}.Debug|Any CPU.Build.0 = Debug|Any CPU
		{8A64226E-C75D-4C95-A44D-4A29CCC6319F}.Release|Any CPU.ActiveCfg = Release|Any CPU
		{8A64226E-C75D-4C95-A44D-4A29CCC6319F}.Release|Any CPU.Build.0 = Release|Any CPU
		{5D80C5F2-AB4F-4667-A4D4-B664BAA7E211}.Debug|Any CPU.ActiveCfg = Debug|Any CPU
		{5D80C5F2-AB4F-4667-A4D4-B664BAA7E211}.Debug|Any CPU.Build.0 = Debug|Any CPU
		{5D80C5F2-AB4F-4667-A4D4-B664BAA7E211}.Release|Any CPU.ActiveCfg = Release|Any CPU
		{5D80C5F2-AB4F-4667-A4D4-B664BAA7E211}.Release|Any CPU.Build.0 = Release|Any CPU
	EndGlobalSection
	GlobalSection(SolutionProperties) = preSolution
		HideSolutionNode = FALSE
	EndGlobalSection
	GlobalSection(ExtensibilityGlobals) = postSolution
		SolutionGuid = {75582FA2-DCA8-40FF-80BA-B5B8753C19C5}
	EndGlobalSection
EndGlobal
